
Microsoft Visual Studio Solution File, Format Version 12.00
# Visual Studio Version 17
VisualStudioVersion = 17.2.32630.192
MinimumVisualStudioVersion = 10.0.40219.1
Project("{FAE04EC0-301F-11D3-BF4B-00C04F79EFBC}") = "FactoryPattern", "FactoryPattern\FactoryPattern.csproj", "{CF0CF77E-3D3D-4B12-8FD1-03D9C6F90755}"
EndProject
Global
	GlobalSection(SolutionConfigurationPlatforms) = preSolution
		Debug|Any CPU = Debug|Any CPU
		Release|Any CPU = Release|Any CPU
	EndGlobalSection
	GlobalSection(ProjectConfigurationPlatforms) = postSolution
		{CF0CF77E-3D3D-4B12-8FD1-03D9C6F90755}.Debug|Any CPU.ActiveCfg = Debug|Any CPU
		{CF0CF77E-3D3D-4B12-8FD1-03D9C6F90755}.Debug|Any CPU.Build.0 = Debug|Any CPU
		{CF0CF77E-3D3D-4B12-8FD1-03D9C6F90755}.Release|Any CPU.ActiveCfg = Release|Any CPU
		{CF0CF77E-3D3D-4B12-8FD1-03D9C6F90755}.Release|Any CPU.Build.0 = Release|Any CPU
	EndGlobalSection
	GlobalSection(SolutionProperties) = preSolution
		HideSolutionNode = FALSE
	EndGlobalSection
	GlobalSection(ExtensibilityGlobals) = postSolution
		SolutionGuid = {D989F504-F54C-402E-B4CC-15FCF52D8E42}
	EndGlobalSection
EndGlobal
